<?xml version="1.0" encoding="utf-8"?>
<Project ToolsVersion="4.0" xmlns="http://schemas.microsoft.com/developer/msbuild/2003">
  <ItemGroup>
    <Filter Include="Source Files">
      <UniqueIdentifier>{d47aa495-afcd-4e1c-ac70-2470f986b2a8}</UniqueIdentifier>
      <Extensions>cpp;c;cxx;rc;def;r;odl;idl;hpj;bat</Extensions>
    </Filter>
    <Filter Include="Header Files">
      <UniqueIdentifier>{eb2c2f36-a7e9-4b11-af6d-8d30877326ea}</UniqueIdentifier>
      <Extensions>h;hpp;hxx;hm;inl</Extensions>
    </Filter>
    <Filter Include="Resource Files">
      <UniqueIdentifier>{c04db6e0-52e1-4919-8873-31d602bff323}</UniqueIdentifier>
      <Extensions>ico;cur;bmp;dlg;rc2;rct;bin;rgs;gif;jpg;jpeg;jpe</Extensions>
    </Filter>
  </ItemGroup>
  <ItemGroup>
    <ClCompile Include="AutoAcqBucketDlg.cpp">
      <Filter>Source Files</Filter>
    </ClCompile>
    <ClCompile Include="AutoAcqCoinTimeDlg.cpp">
      <Filter>Source Files</Filter>
    </ClCompile>
    <ClCompile Include="BedCoordDlg.cpp">
      <Filter>Source Files</Filter>
    </ClCompile>
    <ClCompile Include="BucketParamDlg.cpp">
      <Filter>Source Files</Filter>
    </ClCompile>
    <ClCompile Include="BuckFile.cpp">
      <Filter>Source Files</Filter>
    </ClCompile>
    <ClCompile Include="DbgPrt.cpp">
      <Filter>Source Files</Filter>
    </ClCompile>
    <ClCompile Include="FHParamDlg.cpp">
      <Filter>Source Files</Filter>
    </ClCompile>
    <ClCompile Include="GetThDlg.cpp">
      <Filter>Source Files</Filter>
    </ClCompile>
    <ClCompile Include="InitACSDlg.cpp">
      <Filter>Source Files</Filter>
    </ClCompile>
    <ClCompile Include="Input1.cpp">
      <Filter>Source Files</Filter>
    </ClCompile>
    <ClCompile Include="ListenSocket.cpp">
      <Filter>Source Files</Filter>
    </ClCompile>
    <ClCompile Include="OWSSIO.cpp">
      <Filter>Source Files</Filter>
    </ClCompile>
    <ClCompile Include="OWSSock.cpp">
      <Filter>Source Files</Filter>
    </ClCompile>
    <ClCompile Include="RelateMoveDlg.cpp">
      <Filter>Source Files</Filter>
    </ClCompile>
    <ClCompile Include="SimOWS.cpp">
      <Filter>Source Files</Filter>
    </ClCompile>
    <ClCompile Include="SimOWSDlg.cpp">
      <Filter>Source Files</Filter>
    </ClCompile>
    <ClCompile Include="StdAfx.cpp">
      <Filter>Source Files</Filter>
    </ClCompile>
    <ClCompile Include="TestParamDlg.cpp">
      <Filter>Source Files</Filter>
    </ClCompile>
    <ClCompile Include="WndDisp.cpp">
      <Filter>Source Files</Filter>
    </ClCompile>
    <ClCompile Include="WndDispCointime.cpp">
      <Filter>Source Files</Filter>
    </ClCompile>
    <ClCompile Include="WndDispEnergy.cpp">
      <Filter>Source Files</Filter>
    </ClCompile>
    <ClCompile Include="WndDispSD.cpp">
      <Filter>Source Files</Filter>
    </ClCompile>
    <ClCompile Include="WndDispTime.cpp">
      <Filter>Source Files</Filter>
    </ClCompile>
  </ItemGroup>
  <ItemGroup>
    <ResourceCompile Include="SimOWS.rc">
      <Filter>Source Files</Filter>
    </ResourceCompile>
  </ItemGroup>
  <ItemGroup>
    <ClInclude Include="AutoAcqBucketDlg.h">
      <Filter>Header Files</Filter>
    </ClInclude>
    <ClInclude Include="AutoAcqCoinTimeDlg.h">
      <Filter>Header Files</Filter>
    </ClInclude>
    <ClInclude Include="BlkDraw\BlkApi.h">
      <Filter>Header Files</Filter>
    </ClInclude>
    <ClInclude Include="BucketParamDlg.h">
      <Filter>Header Files</Filter>
    </ClInclude>
    <ClInclude Include="BlkDraw\DatFmt.h">
      <Filter>Header Files</Filter>
    </ClInclude>
    <ClInclude Include="..\ACQCenter\DbgPrt.h">
      <Filter>Header Files</Filter>
    </ClInclude>
    <ClInclude Include="FHParamDlg.h">
      <Filter>Header Files</Filter>
    </ClInclude>
    <ClInclude Include="InitACSDlg.h">
      <Filter>Header Files</Filter>
    </ClInclude>
    <ClInclude Include="ListenSocket.h">
      <Filter>Header Files</Filter>
    </ClInclude>
    <ClInclude Include="OWSSIO.h">
      <Filter>Header Files</Filter>
    </ClInclude>
    <ClInclude Include="OWSSock.h">
      <Filter>Header Files</Filter>
    </ClInclude>
    <ClInclude Include="Resource.h">
      <Filter>Header Files</Filter>
    </ClInclude>
    <ClInclude Include="SimOWS.h">
      <Filter>Header Files</Filter>
    </ClInclude>
    <ClInclude Include="SimOWSDlg.h">
      <Filter>Header Files</Filter>
    </ClInclude>
    <ClInclude Include="StdAfx.h">
      <Filter>Header Files</Filter>
    </ClInclude>
    <ClInclude Include="TestParamDlg.h">
      <Filter>Header Files</Filter>
    </ClInclude>
    <ClInclude Include="WndDisp.h">
      <Filter>Header Files</Filter>
    </ClInclude>
    <ClInclude Include="WndDispCointime.h">
      <Filter>Header Files</Filter>
    </ClInclude>
    <ClInclude Include="WndDispEnergy.h">
      <Filter>Header Files</Filter>
    </ClInclude>
    <ClInclude Include="WndDispSD.h">
      <Filter>Header Files</Filter>
    </ClInclude>
    <ClInclude Include="WndDispTime.h">
      <Filter>Header Files</Filter>
    </ClInclude>
  </ItemGroup>
  <ItemGroup>
    <CustomBuild Include="res\bin00001.bin">
      <Filter>Resource Files</Filter>
    </CustomBuild>
    <CustomBuild Include="res\pal1.bin">
      <Filter>Resource Files</Filter>
    </CustomBuild>
    <CustomBuild Include="res\pal2.bin">
      <Filter>Resource Files</Filter>
    </CustomBuild>
    <CustomBuild Include="res\SimOWS.ico">
      <Filter>Resource Files</Filter>
    </CustomBuild>
    <CustomBuild Include="res\SimOWS.rc2">
      <Filter>Resource Files</Filter>
    </CustomBuild>
    <CustomBuild Include="res\map.pal" />
    <CustomBuild Include="ReadMe.txt" />
  </ItemGroup>
</Project>