
Microsoft Visual Studio Solution File, Format Version 11.00
# Visual Studio 2010
Project("{8BC9CEB8-8B4A-11D0-8D11-00A0C91BC942}") = "ACQCenter", "ACQCenter.vcxproj", "{1D55343D-7EBE-C231-B21C-AA3E13217BA5}"
EndProject
Global
	GlobalSection(SolutionConfigurationPlatforms) = preSolution
		Debug|Win32 = Debug|Win32
		Release|Win32 = Release|Win32
		Sim Debug|Win32 = Sim Debug|Win32
		Sim Release|Win32 = Sim Release|Win32
	EndGlobalSection
	GlobalSection(ProjectConfigurationPlatforms) = postSolution
		{1D55343D-7EBE-C231-B21C-AA3E13217BA5}.Debug|Win32.ActiveCfg = Debug|Win32
		{1D55343D-7EBE-C231-B21C-AA3E13217BA5}.Debug|Win32.Build.0 = Debug|Win32
		{1D55343D-7EBE-C231-B21C-AA3E13217BA5}.Release|Win32.ActiveCfg = Release|Win32
		{1D55343D-7EBE-C231-B21C-AA3E13217BA5}.Release|Win32.Build.0 = Release|Win32
		{1D55343D-7EBE-C231-B21C-AA3E13217BA5}.Sim Debug|Win32.ActiveCfg = Sim Debug|Win32
		{1D55343D-7EBE-C231-B21C-AA3E13217BA5}.Sim Debug|Win32.Build.0 = Sim Debug|Win32
		{1D55343D-7EBE-C231-B21C-AA3E13217BA5}.Sim Release|Win32.ActiveCfg = Sim Release|Win32
		{1D55343D-7EBE-C231-B21C-AA3E13217BA5}.Sim Release|Win32.Build.0 = Sim Release|Win32
	EndGlobalSection
	GlobalSection(SolutionProperties) = preSolution
		HideSolutionNode = FALSE
	EndGlobalSection
EndGlobal
