<?xml version="1.0" encoding="utf-8"?>
<Project ToolsVersion="4.0" xmlns="http://schemas.microsoft.com/developer/msbuild/2003">
  <ItemGroup>
    <Filter Include="Source Files">
      <UniqueIdentifier>{9fe5c296-042e-48b2-8401-12e3dfa94a97}</UniqueIdentifier>
      <Extensions>cpp;c;cxx;rc;def;r;odl;idl;hpj;bat</Extensions>
    </Filter>
    <Filter Include="Header Files">
      <UniqueIdentifier>{9ab9a769-fd25-4256-81ec-4edb3abe7b1a}</UniqueIdentifier>
      <Extensions>h;hpp;hxx;hm;inl</Extensions>
    </Filter>
    <Filter Include="Resource Files">
      <UniqueIdentifier>{686c3e96-e299-4569-8996-d3eed1d7fd97}</UniqueIdentifier>
      <Extensions>ico;cur;bmp;dlg;rc2;rct;bin;rgs;gif;jpg;jpeg;jpe</Extensions>
    </Filter>
  </ItemGroup>
  <ItemGroup>
    <ClCompile Include="ACQCenter.cpp">
      <Filter>Source Files</Filter>
    </ClCompile>
    <ClCompile Include="ACQCenterDlg.cpp">
      <Filter>Source Files</Filter>
    </ClCompile>
    <ClCompile Include="DbgPrt.cpp">
      <Filter>Source Files</Filter>
    </ClCompile>
    <ClCompile Include="ExecProtocol.cpp">
      <Filter>Source Files</Filter>
    </ClCompile>
    <ClCompile Include="FH.CPP">
      <Filter>Source Files</Filter>
    </ClCompile>
    <ClCompile Include="FHSim.cpp">
      <Filter>Source Files</Filter>
    </ClCompile>
    <ClCompile Include="MySocket.cpp">
      <Filter>Source Files</Filter>
    </ClCompile>
    <ClCompile Include="OWS.CPP">
      <Filter>Source Files</Filter>
    </ClCompile>
    <ClCompile Include="PrintSocket.cpp">
      <Filter>Source Files</Filter>
    </ClCompile>
    <ClCompile Include="SIO.cpp">
      <Filter>Source Files</Filter>
    </ClCompile>
    <ClCompile Include="StdAfx.cpp">
      <Filter>Source Files</Filter>
    </ClCompile>
    <ClCompile Include="SysInitDlg.cpp">
      <Filter>Source Files</Filter>
    </ClCompile>
  </ItemGroup>
  <ItemGroup>
    <ResourceCompile Include="ACQCenter.rc">
      <Filter>Source Files</Filter>
    </ResourceCompile>
  </ItemGroup>
  <ItemGroup>
    <ClInclude Include="ACQCenter.h">
      <Filter>Header Files</Filter>
    </ClInclude>
    <ClInclude Include="ACQCenterDlg.h">
      <Filter>Header Files</Filter>
    </ClInclude>
    <ClInclude Include="DbgPrt.h">
      <Filter>Header Files</Filter>
    </ClInclude>
    <ClInclude Include="ExecProtocol.h">
      <Filter>Header Files</Filter>
    </ClInclude>
    <ClInclude Include="FH.H">
      <Filter>Header Files</Filter>
    </ClInclude>
    <ClInclude Include="FHSim.h">
      <Filter>Header Files</Filter>
    </ClInclude>
    <ClInclude Include="MySocket.h">
      <Filter>Header Files</Filter>
    </ClInclude>
    <ClInclude Include="OWS.h">
      <Filter>Header Files</Filter>
    </ClInclude>
    <ClInclude Include="OWSProtocol.h">
      <Filter>Header Files</Filter>
    </ClInclude>
    <ClInclude Include="PrintSocket.h">
      <Filter>Header Files</Filter>
    </ClInclude>
    <ClInclude Include="Resource.h">
      <Filter>Header Files</Filter>
    </ClInclude>
    <ClInclude Include="SIO.h">
      <Filter>Header Files</Filter>
    </ClInclude>
    <ClInclude Include="SIOProtocol.h">
      <Filter>Header Files</Filter>
    </ClInclude>
    <ClInclude Include="StdAfx.h">
      <Filter>Header Files</Filter>
    </ClInclude>
    <ClInclude Include="SysInitDlg.h">
      <Filter>Header Files</Filter>
    </ClInclude>
  </ItemGroup>
  <ItemGroup>
    <CustomBuild Include="res\ACQCenter.ico">
      <Filter>Resource Files</Filter>
    </CustomBuild>
    <CustomBuild Include="res\ACQCenter.rc2">
      <Filter>Resource Files</Filter>
    </CustomBuild>
    <CustomBuild Include="AcqCenter.ini" />
    <CustomBuild Include="ReadMe.txt" />
  </ItemGroup>
</Project>