<?xml version="1.0" encoding="utf-8"?>
<Project ToolsVersion="4.0" xmlns="http://schemas.microsoft.com/developer/msbuild/2003">
  <ItemGroup>
    <Filter Include="Source Files">
      <UniqueIdentifier>{2841946a-ffd2-40d1-a8bf-69dd34db2825}</UniqueIdentifier>
      <Extensions>cpp;c;cxx;rc;def;r;odl;idl;hpj;bat</Extensions>
    </Filter>
    <Filter Include="Header Files">
      <UniqueIdentifier>{e7dd86f4-8315-46a8-9f67-c60626ce98eb}</UniqueIdentifier>
      <Extensions>h;hpp;hxx;hm;inl</Extensions>
    </Filter>
    <Filter Include="Resource Files">
      <UniqueIdentifier>{b3a3c7e3-9265-42e1-a4c5-e134398ca6aa}</UniqueIdentifier>
      <Extensions>ico;cur;bmp;dlg;rc2;rct;bin;rgs;gif;jpg;jpeg;jpe</Extensions>
    </Filter>
  </ItemGroup>
  <ItemGroup>
    <ClCompile Include="ColorSet.cpp">
      <Filter>Source Files</Filter>
    </ClCompile>
    <ClCompile Include="CommApi.cpp">
      <Filter>Source Files</Filter>
    </ClCompile>
    <ClCompile Include="ComSel.cpp">
      <Filter>Source Files</Filter>
    </ClCompile>
    <ClCompile Include="debug.cpp">
      <Filter>Source Files</Filter>
    </ClCompile>
    <ClCompile Include="DLGPRINT1.cpp">
      <Filter>Source Files</Filter>
    </ClCompile>
    <ClCompile Include="EnergeKedu.cpp">
      <Filter>Source Files</Filter>
    </ClCompile>
    <ClCompile Include="EView.cpp">
      <Filter>Source Files</Filter>
    </ClCompile>
    <ClCompile Include="EzusbApi.cpp">
      <Filter>Source Files</Filter>
    </ClCompile>
    <ClCompile Include="ini.cpp">
      <Filter>Source Files</Filter>
    </ClCompile>
    <ClCompile Include="MainFrm.cpp">
      <Filter>Source Files</Filter>
    </ClCompile>
    <ClCompile Include="MCB.cpp">
      <Filter>Source Files</Filter>
    </ClCompile>
    <ClCompile Include="MCBDoc.cpp">
      <Filter>Source Files</Filter>
    </ClCompile>
    <ClCompile Include="Mcbio.cpp">
      <Filter>Source Files</Filter>
    </ClCompile>
    <ClCompile Include="MCBView.cpp">
      <Filter>Source Files</Filter>
    </ClCompile>
    <ClCompile Include="ProgCtrl.cpp">
      <Filter>Source Files</Filter>
    </ClCompile>
    <ClCompile Include="ReadFlashSel.cpp">
      <Filter>Source Files</Filter>
    </ClCompile>
    <ClCompile Include="SetHardWarePara.cpp">
      <Filter>Source Files</Filter>
    </ClCompile>
    <ClCompile Include="StdAfx.cpp">
      <Filter>Source Files</Filter>
    </ClCompile>
    <ClCompile Include="UsbParaSet.cpp">
      <Filter>Source Files</Filter>
    </ClCompile>
    <ClCompile Include="WidthStat.cpp">
      <Filter>Source Files</Filter>
    </ClCompile>
  </ItemGroup>
  <ItemGroup>
    <ResourceCompile Include="MCB.rc">
      <Filter>Source Files</Filter>
    </ResourceCompile>
  </ItemGroup>
  <ItemGroup>
    <ClInclude Include="ColorSet.h">
      <Filter>Header Files</Filter>
    </ClInclude>
    <ClInclude Include="CommApi.h">
      <Filter>Header Files</Filter>
    </ClInclude>
    <ClInclude Include="ComSel.h">
      <Filter>Header Files</Filter>
    </ClInclude>
    <ClInclude Include="debug.h">
      <Filter>Header Files</Filter>
    </ClInclude>
    <ClInclude Include="DLGPRINT1.h">
      <Filter>Header Files</Filter>
    </ClInclude>
    <ClInclude Include="EnergeKedu.h">
      <Filter>Header Files</Filter>
    </ClInclude>
    <ClInclude Include="EView.h">
      <Filter>Header Files</Filter>
    </ClInclude>
    <ClInclude Include="EzusbApi.h">
      <Filter>Header Files</Filter>
    </ClInclude>
    <ClInclude Include="ini.h">
      <Filter>Header Files</Filter>
    </ClInclude>
    <ClInclude Include="MainFrm.h">
      <Filter>Header Files</Filter>
    </ClInclude>
    <ClInclude Include="MCB.h">
      <Filter>Header Files</Filter>
    </ClInclude>
    <ClInclude Include="MCBDoc.h">
      <Filter>Header Files</Filter>
    </ClInclude>
    <ClInclude Include="Mcbio.h">
      <Filter>Header Files</Filter>
    </ClInclude>
    <ClInclude Include="MCBView.h">
      <Filter>Header Files</Filter>
    </ClInclude>
    <ClInclude Include="ProgCtrl.h">
      <Filter>Header Files</Filter>
    </ClInclude>
    <ClInclude Include="ReadFlashSel.h">
      <Filter>Header Files</Filter>
    </ClInclude>
    <ClInclude Include="Resource.h">
      <Filter>Header Files</Filter>
    </ClInclude>
    <ClInclude Include="SetHardWarePara.h">
      <Filter>Header Files</Filter>
    </ClInclude>
    <ClInclude Include="StdAfx.h">
      <Filter>Header Files</Filter>
    </ClInclude>
    <ClInclude Include="UsbParaSet.h">
      <Filter>Header Files</Filter>
    </ClInclude>
    <ClInclude Include="WidthStat.h">
      <Filter>Header Files</Filter>
    </ClInclude>
  </ItemGroup>
  <ItemGroup>
    <CustomBuild Include="res\bitmap1.bmp">
      <Filter>Resource Files</Filter>
    </CustomBuild>
    <CustomBuild Include="res\bitmap3.bmp">
      <Filter>Resource Files</Filter>
    </CustomBuild>
    <CustomBuild Include="res\help.bmp">
      <Filter>Resource Files</Filter>
    </CustomBuild>
    <CustomBuild Include="res\MCB.ico">
      <Filter>Resource Files</Filter>
    </CustomBuild>
    <CustomBuild Include="res\MCB.rc2">
      <Filter>Resource Files</Filter>
    </CustomBuild>
    <CustomBuild Include="res\MCBDoc.ico">
      <Filter>Resource Files</Filter>
    </CustomBuild>
    <CustomBuild Include="res\Toolbar.bmp">
      <Filter>Resource Files</Filter>
    </CustomBuild>
    <CustomBuild Include="res\Toolbar_New.bmp">
      <Filter>Resource Files</Filter>
    </CustomBuild>
    <CustomBuild Include="res\Toolbar_New1.bmp">
      <Filter>Resource Files</Filter>
    </CustomBuild>
    <CustomBuild Include="res\Toolbar_New2.bmp">
      <Filter>Resource Files</Filter>
    </CustomBuild>
    <CustomBuild Include="res\Toolbars-New.bmp">
      <Filter>Resource Files</Filter>
    </CustomBuild>
    <CustomBuild Include="ReadMe.txt" />
  </ItemGroup>
</Project>